
Microsoft Visual Studio Solution File, Format Version 12.00
# Visual Studio Version 16
VisualStudioVersion = 16.0.28621.142
MinimumVisualStudioVersion = 10.0.40219.1
Project("{8BC9CEB8-8B4A-11D0-8D11-00A0C91BC942}") = "CommonUWP", "Native\Common.UAP\CommonUWP.vcxitems", "{80AF40DD-94BC-4589-A1FE-0DD247B8C05E}"
EndProject
Project("{2150E333-8FDC-42A3-9474-1A3956D46DE8}") = "Native", "Native", "{ABE89B02-9EF3-4E72-9074-0C960A8C9B74}"
EndProject
Project("{2150E333-8FDC-42A3-9474-1A3956D46DE8}") = "Solution Items", "Solution Items", "{B145AAA3-1762-48CC-842F-D61848DEAEA5}"
	ProjectSection(SolutionItems) = preProject
		azure-pipelines.yml = azure-pipelines.yml
	EndProjectSection
EndProject
Project("{2150E333-8FDC-42A3-9474-1A3956D46DE8}") = "Managed", "Managed", "{E933B3AD-F24A-4D49-8489-8B96A01EBFA4}"
EndProject
Project("{FAE04EC0-301F-11D3-BF4B-00C04F79EFBC}") = "Tests2", "Managed\Tests2\Tests2.csproj", "{575B61AD-60E4-492A-B8AC-64C702368B4A}"
EndProject
Global
	GlobalSection(SharedMSBuildProjectFiles) = preSolution
		Native\Common.UAP\CommonUWP.vcxitems*{80af40dd-94bc-4589-a1fe-0dd247b8c05e}*SharedItemsImports = 9
	EndGlobalSection
	GlobalSection(SolutionConfigurationPlatforms) = preSolution
		Debug|ARM = Debug|ARM
		Debug|ARM64 = Debug|ARM64
		Debug|x64 = Debug|x64
		Debug|x86 = Debug|x86
		Release|ARM = Release|ARM
		Release|ARM64 = Release|ARM64
		Release|x64 = Release|x64
		Release|x86 = Release|x86
	EndGlobalSection
	GlobalSection(ProjectConfigurationPlatforms) = postSolution
		{575B61AD-60E4-492A-B8AC-64C702368B4A}.Debug|ARM.ActiveCfg = Debug|ARM
		{575B61AD-60E4-492A-B8AC-64C702368B4A}.Debug|ARM.Build.0 = Debug|ARM
		{575B61AD-60E4-492A-B8AC-64C702368B4A}.Debug|ARM.Deploy.0 = Debug|ARM
		{575B61AD-60E4-492A-B8AC-64C702368B4A}.Debug|ARM64.ActiveCfg = Debug|ARM64
		{575B61AD-60E4-492A-B8AC-64C702368B4A}.Debug|ARM64.Build.0 = Debug|ARM64
		{575B61AD-60E4-492A-B8AC-64C702368B4A}.Debug|ARM64.Deploy.0 = Debug|ARM64
		{575B61AD-60E4-492A-B8AC-64C702368B4A}.Debug|x64.ActiveCfg = Debug|x64
		{575B61AD-60E4-492A-B8AC-64C702368B4A}.Debug|x64.Build.0 = Debug|x64
		{575B61AD-60E4-492A-B8AC-64C702368B4A}.Debug|x64.Deploy.0 = Debug|x64
		{575B61AD-60E4-492A-B8AC-64C702368B4A}.Debug|x86.ActiveCfg = Debug|x86
		{575B61AD-60E4-492A-B8AC-64C702368B4A}.Debug|x86.Build.0 = Debug|x86
		{575B61AD-60E4-492A-B8AC-64C702368B4A}.Debug|x86.Deploy.0 = Debug|x86
		{575B61AD-60E4-492A-B8AC-64C702368B4A}.Release|ARM.ActiveCfg = Release|ARM
		{575B61AD-60E4-492A-B8AC-64C702368B4A}.Release|ARM.Build.0 = Release|ARM
		{575B61AD-60E4-492A-B8AC-64C702368B4A}.Release|ARM.Deploy.0 = Release|ARM
		{575B61AD-60E4-492A-B8AC-64C702368B4A}.Release|ARM64.ActiveCfg = Release|ARM64
		{575B61AD-60E4-492A-B8AC-64C702368B4A}.Release|ARM64.Build.0 = Release|ARM64
		{575B61AD-60E4-492A-B8AC-64C702368B4A}.Release|ARM64.Deploy.0 = Release|ARM64
		{575B61AD-60E4-492A-B8AC-64C702368B4A}.Release|x64.ActiveCfg = Release|x64
		{575B61AD-60E4-492A-B8AC-64C702368B4A}.Release|x64.Build.0 = Release|x64
		{575B61AD-60E4-492A-B8AC-64C702368B4A}.Release|x64.Deploy.0 = Release|x64
		{575B61AD-60E4-492A-B8AC-64C702368B4A}.Release|x86.ActiveCfg = Release|x86
		{575B61AD-60E4-492A-B8AC-64C702368B4A}.Release|x86.Build.0 = Release|x86
		{575B61AD-60E4-492A-B8AC-64C702368B4A}.Release|x86.Deploy.0 = Release|x86
	EndGlobalSection
	GlobalSection(SolutionProperties) = preSolution
		HideSolutionNode = FALSE
	EndGlobalSection
	GlobalSection(NestedProjects) = preSolution
		{80AF40DD-94BC-4589-A1FE-0DD247B8C05E} = {ABE89B02-9EF3-4E72-9074-0C960A8C9B74}
		{575B61AD-60E4-492A-B8AC-64C702368B4A} = {E933B3AD-F24A-4D49-8489-8B96A01EBFA4}
	EndGlobalSection
	GlobalSection(ExtensibilityGlobals) = postSolution
		SolutionGuid = {74083890-3D73-4101-B9D8-53D5FA9F25A7}
	EndGlobalSection
EndGlobal
