<?xml version="1.0" encoding="utf-8"?>
<Project ToolsVersion="4.0" xmlns="http://schemas.microsoft.com/developer/msbuild/2003">
  <ItemGroup>
    <Filter Include="Asserts">
      <UniqueIdentifier>{137cd6b7-743e-4083-960c-10ea9b95d15e}</UniqueIdentifier>
    </Filter>
  </ItemGroup>
  <ItemGroup>
    <ClCompile Include="Tests1.cpp" />
  </ItemGroup>
  <ItemGroup>
    <None Include="..\Common.UAP\TestApp_SelfSignedKey.pfx" />
  </ItemGroup>
</Project>